PODS:
  - CATCommonKit (0.2.3):
    - MBProgressHUD (~> 1.2.0)
  - FBSnapshotTestCase (2.1.4):
    - FBSnapshotTestCase/SwiftSupport (= 2.1.4)
  - FBSnapshotTestCase/Core (2.1.4)
  - FBSnapshotTestCase/SwiftSupport (2.1.4):
    - FBSnapshotTestCase/Core
  - MBProgressHUD (1.2.0)

DEPENDENCIES:
  - CATCommonKit (from `../`)
  - FBSnapshotTestCase
  - MBProgressHUD (~> 1.2.0)

SPEC REPOS:
  trunk:
    - FBSnapshotTestCase
    - MBProgressHUD

EXTERNAL SOURCES:
  CATCommonKit:
    :path: "../"

SPEC CHECKSUMS:
  CATCommonKit: 9fb6938a14e591f01900b465e08ec28cddf9c8f2
  FBSnapshotTestCase: 094f9f314decbabe373b87cc339bea235a63e07a
  MBProgressHUD: 3ee5efcc380f6a79a7cc9b363dd669c5e1ae7406

PODFILE CHECKSUM: 12a03f4fb63b454a031ebb2d859b47ed96fd09cb

COCOAPODS: 1.9.3
