PODS:
  - CATCommonKit (0.2.4)
  - FBSnapshotTestCase (2.1.4):
    - FBSnapshotTestCase/SwiftSupport (= 2.1.4)
  - FBSnapshotTestCase/Core (2.1.4)
  - FBSnapshotTestCase/SwiftSupport (2.1.4):
    - FBSnapshotTestCase/Core

DEPENDENCIES:
  - CATCommonKit (from `../`)
  - FBSnapshotTestCase

SPEC REPOS:
  https://github.com/CocoaPods/Specs.git:
    - FBSnapshotTestCase

EXTERNAL SOURCES:
  CATCommonKit:
    :path: "../"

SPEC CHECKSUMS:
  CATCommonKit: 1dcb7fda087735469c1bd816cba1693da2634c83
  FBSnapshotTestCase: 094f9f314decbabe373b87cc339bea235a63e07a

PODFILE CHECKSUM: 6273adcf7f48c133a41f6fc133fdd3f03775fe85

COCOAPODS: 1.10.0
